
Microsoft Visual Studio Solution File, Format Version 12.00
# Visual Studio Version 16
VisualStudioVersion = 16.0.31205.134
MinimumVisualStudioVersion = 10.0.40219.1
Project("{FAE04EC0-301F-11D3-BF4B-00C04F79EFBC}") = "GestionAgroite_V1_CSI", "GestionAgroite_V1_CSI.csproj", "{D98F8070-4ABF-4027-9F39-E7168742C8FB}"
EndProject
Global
	GlobalSection(SolutionConfigurationPlatforms) = preSolution
		Debug|Any CPU = Debug|Any CPU
		Release|Any CPU = Release|Any CPU
	EndGlobalSection
	GlobalSection(ProjectConfigurationPlatforms) = postSolution
		{D98F8070-4ABF-4027-9F39-E7168742C8FB}.Debug|Any CPU.ActiveCfg = Debug|Any CPU
		{D98F8070-4ABF-4027-9F39-E7168742C8FB}.Debug|Any CPU.Build.0 = Debug|Any CPU
		{D98F8070-4ABF-4027-9F39-E7168742C8FB}.Release|Any CPU.ActiveCfg = Release|Any CPU
		{D98F8070-4ABF-4027-9F39-E7168742C8FB}.Release|Any CPU.Build.0 = Release|Any CPU
	EndGlobalSection
	GlobalSection(SolutionProperties) = preSolution
		HideSolutionNode = FALSE
	EndGlobalSection
	GlobalSection(ExtensibilityGlobals) = postSolution
		SolutionGuid = {53A4421E-3345-49D9-82D1-15EC89C56667}
	EndGlobalSection
EndGlobal
